// !$*UTF8*$!
{
	archiveVersion = 1;
	classes = {
	};
	objectVersion = 46;
	objects = {

/* Begin PBXBuildFile section */
		5F7FD57218A3ECD300A8F5D1 /* Foundation.framework in Frameworks */ = {isa = PBXBuildFile; fileRef = 5F7FD57118A3ECD300A8F5D1 /* Foundation.framework */; };
		5F7FD57418A3ECD300A8F5D1 /* CoreGraphics.framework in Frameworks */ = {isa = PBXBuildFile; fileRef = 5F7FD57318A3ECD300A8F5D1 /* CoreGraphics.framework */; };
		5F7FD57618A3ECD300A8F5D1 /* UIKit.framework in Frameworks */ = {isa = PBXBuildFile; fileRef = 5F7FD57518A3ECD300A8F5D1 /* UIKit.framework */; };
		5F7FD57C18A3ECD300A8F5D1 /* InfoPlist.strings in Resources */ = {isa = PBXBuildFile; fileRef = 5F7FD57A18A3ECD300A8F5D1 /* InfoPlist.strings */; };
		5F7FD57E18A3ECD300A8F5D1 /* main.m in Sources */ = {isa = PBXBuildFile; fileRef = 5F7FD57D18A3ECD300A8F5D1 /* main.m */; };
		5F7FD58218A3ECD300A8F5D1 /* AppDelegate.m in Sources */ = {isa = PBXBuildFile; fileRef = 5F7FD58118A3ECD300A8F5D1 /* AppDelegate.m */; };
		5F7FD58D18A3ECD300A8F5D1 /* Images.xcassets in Resources */ = {isa = PBXBuildFile; fileRef = 5F7FD58C18A3ECD300A8F5D1 /* Images.xcassets */; };
		5F7FD59418A3ECD300A8F5D1 /* XCTest.framework in Frameworks */ = {isa = PBXBuildFile; fileRef = 5F7FD59318A3ECD300A8F5D1 /* XCTest.framework */; };
		5F7FD59518A3ECD300A8F5D1 /* Foundation.framework in Frameworks */ = {isa = PBXBuildFile; fileRef = 5F7FD57118A3ECD300A8F5D1 /* Foundation.framework */; };
		5F7FD59618A3ECD300A8F5D1 /* UIKit.framework in Frameworks */ = {isa = PBXBuildFile; fileRef = 5F7FD57518A3ECD300A8F5D1 /* UIKit.framework */; };
		5F7FD59E18A3ECD300A8F5D1 /* InfoPlist.strings in Resources */ = {isa = PBXBuildFile; fileRef = 5F7FD59C18A3ECD300A8F5D1 /* InfoPlist.strings */; };
		5F7FD5A018A3ECD300A8F5D1 /* doneTests.m in Sources */ = {isa = PBXBuildFile; fileRef = 5F7FD59F18A3ECD300A8F5D1 /* doneTests.m */; };
		5F7FD5B018A698CA00A8F5D1 /* TaskListViewController.m in Sources */ = {isa = PBXBuildFile; fileRef = 5F7FD5AF18A698CA00A8F5D1 /* TaskListViewController.m */; };
		5F7FD5B818A6AA4700A8F5D1 /* Main.storyboard in Resources */ = {isa = PBXBuildFile; fileRef = 5F7FD5B718A6AA4700A8F5D1 /* Main.storyboard */; };
		5F7FD60418A7EF1700A8F5D1 /* TaskListsPickerController.m in Sources */ = {isa = PBXBuildFile; fileRef = 5F7FD60318A7EF1700A8F5D1 /* TaskListsPickerController.m */; };
		5F7FD60718A7EF3100A8F5D1 /* TaskViewController.m in Sources */ = {isa = PBXBuildFile; fileRef = 5F7FD60618A7EF3100A8F5D1 /* TaskViewController.m */; };
		5F7FD60A18A93B1400A8F5D1 /* TaskListsDataController.m in Sources */ = {isa = PBXBuildFile; fileRef = 5F7FD60918A93B1400A8F5D1 /* TaskListsDataController.m */; };
		5F7FD60D18AA729D00A8F5D1 /* TasksDataController.m in Sources */ = {isa = PBXBuildFile; fileRef = 5F7FD60C18AA729D00A8F5D1 /* TasksDataController.m */; };
		5F7FD61118AE918300A8F5D1 /* status_due_closing.png in Resources */ = {isa = PBXBuildFile; fileRef = 5F7FD60E18AE918300A8F5D1 /* status_due_closing.png */; };
		5F7FD61218AE918300A8F5D1 /* status_due.png in Resources */ = {isa = PBXBuildFile; fileRef = 5F7FD60F18AE918300A8F5D1 /* status_due.png */; };
		5F7FD61318AE918300A8F5D1 /* status_needs_action.png in Resources */ = {isa = PBXBuildFile; fileRef = 5F7FD61018AE918300A8F5D1 /* status_needs_action.png */; };
		5F7FD61518AE919A00A8F5D1 /* status_completed.png in Resources */ = {isa = PBXBuildFile; fileRef = 5F7FD61418AE919A00A8F5D1 /* status_completed.png */; };
		5F7FD61918AF632C00A8F5D1 /* TaskUtils.m in Sources */ = {isa = PBXBuildFile; fileRef = 5F7FD61818AF632C00A8F5D1 /* TaskUtils.m */; };
		5F7FD64118AFB50A00A8F5D1 /* Security.framework in Frameworks */ = {isa = PBXBuildFile; fileRef = 5F7FD63F18AFB50A00A8F5D1 /* Security.framework */; };
		5F7FD64218AFB50A00A8F5D1 /* SystemConfiguration.framework in Frameworks */ = {isa = PBXBuildFile; fileRef = 5F7FD64018AFB50A00A8F5D1 /* SystemConfiguration.framework */; };
		5F7FDE6C18AFC50A00A8F5D1 /* libGTLTouchStaticLib.a in Frameworks */ = {isa = PBXBuildFile; fileRef = 5F7FDE6418AFBD2600A8F5D1 /* libGTLTouchStaticLib.a */; };
		5F7FDE9618AFCD1B00A8F5D1 /* GTLQueryTasks.m in Sources */ = {isa = PBXBuildFile; fileRef = 5F7FDE8718AFCD1B00A8F5D1 /* GTLQueryTasks.m */; };
		5F7FDE9718AFCD1B00A8F5D1 /* GTLServiceTasks.m in Sources */ = {isa = PBXBuildFile; fileRef = 5F7FDE8918AFCD1B00A8F5D1 /* GTLServiceTasks.m */; };
		5F7FDE9918AFCD1B00A8F5D1 /* GTLTasksConstants.m in Sources */ = {isa = PBXBuildFile; fileRef = 5F7FDE8D18AFCD1B00A8F5D1 /* GTLTasksConstants.m */; };
		5F7FDE9A18AFCD1B00A8F5D1 /* GTLTasksTask.m in Sources */ = {isa = PBXBuildFile; fileRef = 5F7FDE8F18AFCD1B00A8F5D1 /* GTLTasksTask.m */; };
		5F7FDE9B18AFCD1B00A8F5D1 /* GTLTasksTaskList.m in Sources */ = {isa = PBXBuildFile; fileRef = 5F7FDE9118AFCD1B00A8F5D1 /* GTLTasksTaskList.m */; };
		5F7FDE9C18AFCD1B00A8F5D1 /* GTLTasksTaskLists.m in Sources */ = {isa = PBXBuildFile; fileRef = 5F7FDE9318AFCD1B00A8F5D1 /* GTLTasksTaskLists.m */; };
		5F7FDE9D18AFCD1B00A8F5D1 /* GTLTasksTasks.m in Sources */ = {isa = PBXBuildFile; fileRef = 5F7FDE9518AFCD1B00A8F5D1 /* GTLTasksTasks.m */; };
		5F7FDEA318B0B26E00A8F5D1 /* GTMOAuth2ViewTouch.xib in Resources */ = {isa = PBXBuildFile; fileRef = 5F7FDEA218B0B26E00A8F5D1 /* GTMOAuth2ViewTouch.xib */; };
		5F7FDEAA18B5252800A8F5D1 /* save.png in Resources */ = {isa = PBXBuildFile; fileRef = 5F7FDEA918B5252800A8F5D1 /* save.png */; };
		5F7FDEAC18B526DB00A8F5D1 /* check.png in Resources */ = {isa = PBXBuildFile; fileRef = 5F7FDEAB18B526DB00A8F5D1 /* check.png */; };
/* End PBXBuildFile section */

/* Begin PBXContainerItemProxy section */
		5F7FD59718A3ECD300A8F5D1 /* PBXContainerItemProxy */ = {
			isa = PBXContainerItemProxy;
			containerPortal = 5F7FD56618A3ECD300A8F5D1 /* Project object */;
			proxyType = 1;
			remoteGlobalIDString = 5F7FD56D18A3ECD300A8F5D1;
			remoteInfo = done;
		};
		5F7FDE6118AFBD2600A8F5D1 /* PBXContainerItemProxy */ = {
			isa = PBXContainerItemProxy;
			containerPortal = 5F7FDE5A18AFBD2600A8F5D1 /* GTL.xcodeproj */;
			proxyType = 2;
			remoteGlobalIDString = 4F38F6A60B66E91D00B24B81;
			remoteInfo = GTLFramework;
		};
		5F7FDE6318AFBD2600A8F5D1 /* PBXContainerItemProxy */ = {
			isa = PBXContainerItemProxy;
			containerPortal = 5F7FDE5A18AFBD2600A8F5D1 /* GTL.xcodeproj */;
			proxyType = 2;
			remoteGlobalIDString = 4F12027C11A4CA2F00BEB470;
			remoteInfo = GTLTouchStaticLib;
		};
		5F7FDE6518AFBD2600A8F5D1 /* PBXContainerItemProxy */ = {
			isa = PBXContainerItemProxy;
			containerPortal = 5F7FDE5A18AFBD2600A8F5D1 /* GTL.xcodeproj */;
			proxyType = 2;
			remoteGlobalIDString = 4F12027D11A4CA2F00BEB470;
			remoteInfo = GTLUnitTests;
		};
		5F7FDE6718AFBD2600A8F5D1 /* PBXContainerItemProxy */ = {
			isa = PBXContainerItemProxy;
			containerPortal = 5F7FDE5A18AFBD2600A8F5D1 /* GTL.xcodeproj */;
			proxyType = 2;
			remoteGlobalIDString = 4F1AD9020B71603F00DC0485;
			remoteInfo = DevelopmentTestTool;
		};
/* End PBXContainerItemProxy section */

/* Begin PBXFileReference section */
		5F7FD56E18A3ECD300A8F5D1 /* done.app */ = {isa = PBXFileReference; explicitFileType = wrapper.application; includeInIndex = 0; path = done.app; sourceTree = BUILT_PRODUCTS_DIR; };
		5F7FD57118A3ECD300A8F5D1 /* Foundation.framework */ = {isa = PBXFileReference; lastKnownFileType = wrapper.framework; name = Foundation.framework; path = System/Library/Frameworks/Foundation.framework; sourceTree = SDKROOT; };
		5F7FD57318A3ECD300A8F5D1 /* CoreGraphics.framework */ = {isa = PBXFileReference; lastKnownFileType = wrapper.framework; name = CoreGraphics.framework; path = System/Library/Frameworks/CoreGraphics.framework; sourceTree = SDKROOT; };
		5F7FD57518A3ECD300A8F5D1 /* UIKit.framework */ = {isa = PBXFileReference; lastKnownFileType = wrapper.framework; name = UIKit.framework; path = System/Library/Frameworks/UIKit.framework; sourceTree = SDKROOT; };
		5F7FD57918A3ECD300A8F5D1 /* done-Info.plist */ = {isa = PBXFileReference; lastKnownFileType = text.plist.xml; path = "done-Info.plist"; sourceTree = "<group>"; };
		5F7FD57B18A3ECD300A8F5D1 /* en */ = {isa = PBXFileReference; lastKnownFileType = text.plist.strings; name = en; path = en.lproj/InfoPlist.strings; sourceTree = "<group>"; };
		5F7FD57D18A3ECD300A8F5D1 /* main.m */ = {isa = PBXFileReference; lastKnownFileType = sourcecode.c.objc; path = main.m; sourceTree = "<group>"; };
		5F7FD57F18A3ECD300A8F5D1 /* done-Prefix.pch */ = {isa = PBXFileReference; lastKnownFileType = sourcecode.c.h; path = "done-Prefix.pch"; sourceTree = "<group>"; };
		5F7FD58018A3ECD300A8F5D1 /* AppDelegate.h */ = {isa = PBXFileReference; lastKnownFileType = sourcecode.c.h; path = AppDelegate.h; sourceTree = "<group>"; };
		5F7FD58118A3ECD300A8F5D1 /* AppDelegate.m */ = {isa = PBXFileReference; lastKnownFileType = sourcecode.c.objc; path = AppDelegate.m; sourceTree = "<group>"; };
		5F7FD58C18A3ECD300A8F5D1 /* Images.xcassets */ = {isa = PBXFileReference; lastKnownFileType = folder.assetcatalog; path = Images.xcassets; sourceTree = "<group>"; };
		5F7FD59218A3ECD300A8F5D1 /* doneTests.xctest */ = {isa = PBXFileReference; explicitFileType = wrapper.cfbundle; includeInIndex = 0; path = doneTests.xctest; sourceTree = BUILT_PRODUCTS_DIR; };
		5F7FD59318A3ECD300A8F5D1 /* XCTest.framework */ = {isa = PBXFileReference; lastKnownFileType = wrapper.framework; name = XCTest.framework; path = Library/Frameworks/XCTest.framework; sourceTree = DEVELOPER_DIR; };
		5F7FD59B18A3ECD300A8F5D1 /* doneTests-Info.plist */ = {isa = PBXFileReference; lastKnownFileType = text.plist.xml; path = "doneTests-Info.plist"; sourceTree = "<group>"; };
		5F7FD59D18A3ECD300A8F5D1 /* en */ = {isa = PBXFileReference; lastKnownFileType = text.plist.strings; name = en; path = en.lproj/InfoPlist.strings; sourceTree = "<group>"; };
		5F7FD59F18A3ECD300A8F5D1 /* doneTests.m */ = {isa = PBXFileReference; lastKnownFileType = sourcecode.c.objc; path = doneTests.m; sourceTree = "<group>"; };
		5F7FD5AE18A698CA00A8F5D1 /* TaskListViewController.h */ = {isa = PBXFileReference; fileEncoding = 4; lastKnownFileType = sourcecode.c.h; path = TaskListViewController.h; sourceTree = "<group>"; };
		5F7FD5AF18A698CA00A8F5D1 /* TaskListViewController.m */ = {isa = PBXFileReference; fileEncoding = 4; lastKnownFileType = sourcecode.c.objc; path = TaskListViewController.m; sourceTree = "<group>"; };
		5F7FD5B718A6AA4700A8F5D1 /* Main.storyboard */ = {isa = PBXFileReference; fileEncoding = 4; lastKnownFileType = file.storyboard; path = Main.storyboard; sourceTree = "<group>"; };
		5F7FD60218A7EF1700A8F5D1 /* TaskListsPickerController.h */ = {isa = PBXFileReference; fileEncoding = 4; lastKnownFileType = sourcecode.c.h; path = TaskListsPickerController.h; sourceTree = "<group>"; };
		5F7FD60318A7EF1700A8F5D1 /* TaskListsPickerController.m */ = {isa = PBXFileReference; fileEncoding = 4; lastKnownFileType = sourcecode.c.objc; path = TaskListsPickerController.m; sourceTree = "<group>"; };
		5F7FD60518A7EF3100A8F5D1 /* TaskViewController.h */ = {isa = PBXFileReference; fileEncoding = 4; lastKnownFileType = sourcecode.c.h; path = TaskViewController.h; sourceTree = "<group>"; };
		5F7FD60618A7EF3100A8F5D1 /* TaskViewController.m */ = {isa = PBXFileReference; fileEncoding = 4; lastKnownFileType = sourcecode.c.objc; path = TaskViewController.m; sourceTree = "<group>"; };
		5F7FD60818A93B1400A8F5D1 /* TaskListsDataController.h */ = {isa = PBXFileReference; fileEncoding = 4; lastKnownFileType = sourcecode.c.h; path = TaskListsDataController.h; sourceTree = "<group>"; };
		5F7FD60918A93B1400A8F5D1 /* TaskListsDataController.m */ = {isa = PBXFileReference; fileEncoding = 4; lastKnownFileType = sourcecode.c.objc; path = TaskListsDataController.m; sourceTree = "<group>"; };
		5F7FD60B18AA729D00A8F5D1 /* TasksDataController.h */ = {isa = PBXFileReference; fileEncoding = 4; lastKnownFileType = sourcecode.c.h; path = TasksDataController.h; sourceTree = "<group>"; };
		5F7FD60C18AA729D00A8F5D1 /* TasksDataController.m */ = {isa = PBXFileReference; fileEncoding = 4; lastKnownFileType = sourcecode.c.objc; path = TasksDataController.m; sourceTree = "<group>"; };
		5F7FD60E18AE918300A8F5D1 /* status_due_closing.png */ = {isa = PBXFileReference; lastKnownFileType = image.png; name = status_due_closing.png; path = ../../../Documents/status_due_closing.png; sourceTree = "<group>"; };
		5F7FD60F18AE918300A8F5D1 /* status_due.png */ = {isa = PBXFileReference; lastKnownFileType = image.png; name = status_due.png; path = ../../../Documents/status_due.png; sourceTree = "<group>"; };
		5F7FD61018AE918300A8F5D1 /* status_needs_action.png */ = {isa = PBXFileReference; lastKnownFileType = image.png; name = status_needs_action.png; path = ../../../Documents/status_needs_action.png; sourceTree = "<group>"; };
		5F7FD61418AE919A00A8F5D1 /* status_completed.png */ = {isa = PBXFileReference; lastKnownFileType = image.png; name = status_completed.png; path = ../../../Documents/status_completed.png; sourceTree = "<group>"; };
		5F7FD61718AF632C00A8F5D1 /* TaskUtils.h */ = {isa = PBXFileReference; fileEncoding = 4; lastKnownFileType = sourcecode.c.h; path = TaskUtils.h; sourceTree = "<group>"; };
		5F7FD61818AF632C00A8F5D1 /* TaskUtils.m */ = {isa = PBXFileReference; fileEncoding = 4; lastKnownFileType = sourcecode.c.objc; path = TaskUtils.m; sourceTree = "<group>"; };
		5F7FD63F18AFB50A00A8F5D1 /* Security.framework */ = {isa = PBXFileReference; lastKnownFileType = wrapper.framework; name = Security.framework; path = System/Library/Frameworks/Security.framework; sourceTree = SDKROOT; };
		5F7FD64018AFB50A00A8F5D1 /* SystemConfiguration.framework */ = {isa = PBXFileReference; lastKnownFileType = wrapper.framework; name = SystemConfiguration.framework; path = System/Library/Frameworks/SystemConfiguration.framework; sourceTree = SDKROOT; };
		5F7FDE5A18AFBD2600A8F5D1 /* GTL.xcodeproj */ = {isa = PBXFileReference; lastKnownFileType = "wrapper.pb-project"; name = GTL.xcodeproj; path = "google-api-objectivec-client-read-only/Source/GTL.xcodeproj"; sourceTree = "<group>"; };
		5F7FDE8618AFCD1B00A8F5D1 /* GTLQueryTasks.h */ = {isa = PBXFileReference; fileEncoding = 4; lastKnownFileType = sourcecode.c.h; path = GTLQueryTasks.h; sourceTree = "<group>"; };
		5F7FDE8718AFCD1B00A8F5D1 /* GTLQueryTasks.m */ = {isa = PBXFileReference; fileEncoding = 4; lastKnownFileType = sourcecode.c.objc; path = GTLQueryTasks.m; sourceTree = "<group>"; };
		5F7FDE8818AFCD1B00A8F5D1 /* GTLServiceTasks.h */ = {isa = PBXFileReference; fileEncoding = 4; lastKnownFileType = sourcecode.c.h; path = GTLServiceTasks.h; sourceTree = "<group>"; };
		5F7FDE8918AFCD1B00A8F5D1 /* GTLServiceTasks.m */ = {isa = PBXFileReference; fileEncoding = 4; lastKnownFileType = sourcecode.c.objc; path = GTLServiceTasks.m; sourceTree = "<group>"; };
		5F7FDE8A18AFCD1B00A8F5D1 /* GTLTasks.h */ = {isa = PBXFileReference; fileEncoding = 4; lastKnownFileType = sourcecode.c.h; path = GTLTasks.h; sourceTree = "<group>"; };
		5F7FDE8C18AFCD1B00A8F5D1 /* GTLTasksConstants.h */ = {isa = PBXFileReference; fileEncoding = 4; lastKnownFileType = sourcecode.c.h; path = GTLTasksConstants.h; sourceTree = "<group>"; };
		5F7FDE8D18AFCD1B00A8F5D1 /* GTLTasksConstants.m */ = {isa = PBXFileReference; fileEncoding = 4; lastKnownFileType = sourcecode.c.objc; path = GTLTasksConstants.m; sourceTree = "<group>"; };
		5F7FDE8E18AFCD1B00A8F5D1 /* GTLTasksTask.h */ = {isa = PBXFileReference; fileEncoding = 4; lastKnownFileType = sourcecode.c.h; path = GTLTasksTask.h; sourceTree = "<group>"; };
		5F7FDE8F18AFCD1B00A8F5D1 /* GTLTasksTask.m */ = {isa = PBXFileReference; fileEncoding = 4; lastKnownFileType = sourcecode.c.objc; path = GTLTasksTask.m; sourceTree = "<group>"; };
		5F7FDE9018AFCD1B00A8F5D1 /* GTLTasksTaskList.h */ = {isa = PBXFileReference; fileEncoding = 4; lastKnownFileType = sourcecode.c.h; path = GTLTasksTaskList.h; sourceTree = "<group>"; };
		5F7FDE9118AFCD1B00A8F5D1 /* GTLTasksTaskList.m */ = {isa = PBXFileReference; fileEncoding = 4; lastKnownFileType = sourcecode.c.objc; path = GTLTasksTaskList.m; sourceTree = "<group>"; };
		5F7FDE9218AFCD1B00A8F5D1 /* GTLTasksTaskLists.h */ = {isa = PBXFileReference; fileEncoding = 4; lastKnownFileType = sourcecode.c.h; path = GTLTasksTaskLists.h; sourceTree = "<group>"; };
		5F7FDE9318AFCD1B00A8F5D1 /* GTLTasksTaskLists.m */ = {isa = PBXFileReference; fileEncoding = 4; lastKnownFileType = sourcecode.c.objc; path = GTLTasksTaskLists.m; sourceTree = "<group>"; };
		5F7FDE9418AFCD1B00A8F5D1 /* GTLTasksTasks.h */ = {isa = PBXFileReference; fileEncoding = 4; lastKnownFileType = sourcecode.c.h; path = GTLTasksTasks.h; sourceTree = "<group>"; };
		5F7FDE9518AFCD1B00A8F5D1 /* GTLTasksTasks.m */ = {isa = PBXFileReference; fileEncoding = 4; lastKnownFileType = sourcecode.c.objc; path = GTLTasksTasks.m; sourceTree = "<group>"; };
		5F7FDEA218B0B26E00A8F5D1 /* GTMOAuth2ViewTouch.xib */ = {isa = PBXFileReference; fileEncoding = 4; lastKnownFileType = file.xib; name = GTMOAuth2ViewTouch.xib; path = "google-api-objectivec-client-read-only/Source/OAuth2/Touch/GTMOAuth2ViewTouch.xib"; sourceTree = SOURCE_ROOT; };
		5F7FDEA918B5252800A8F5D1 /* save.png */ = {isa = PBXFileReference; lastKnownFileType = image.png; path = save.png; sourceTree = "<group>"; };
		5F7FDEAB18B526DB00A8F5D1 /* check.png */ = {isa = PBXFileReference; lastKnownFileType = image.png; path = check.png; sourceTree = "<group>"; };
/* End PBXFileReference section */

/* Begin PBXFrameworksBuildPhase section */
		5F7FD56B18A3ECD300A8F5D1 /* Frameworks */ = {
			isa = PBXFrameworksBuildPhase;
			buildActionMask = 2147483647;
			files = (
				5F7FD64118AFB50A00A8F5D1 /* Security.framework in Frameworks */,
				5F7FDE6C18AFC50A00A8F5D1 /* libGTLTouchStaticLib.a in Frameworks */,
				5F7FD64218AFB50A00A8F5D1 /* SystemConfiguration.framework in Frameworks */,
				5F7FD57418A3ECD300A8F5D1 /* CoreGraphics.framework in Frameworks */,
				5F7FD57618A3ECD300A8F5D1 /* UIKit.framework in Frameworks */,
				5F7FD57218A3ECD300A8F5D1 /* Foundation.framework in Frameworks */,
			);
			runOnlyForDeploymentPostprocessing = 0;
		};
		5F7FD58F18A3ECD300A8F5D1 /* Frameworks */ = {
			isa = PBXFrameworksBuildPhase;
			buildActionMask = 2147483647;
			files = (
				5F7FD59418A3ECD300A8F5D1 /* XCTest.framework in Frameworks */,
				5F7FD59618A3ECD300A8F5D1 /* UIKit.framework in Frameworks */,
				5F7FD59518A3ECD300A8F5D1 /* Foundation.framework in Frameworks */,
			);
			runOnlyForDeploymentPostprocessing = 0;
		};
/* End PBXFrameworksBuildPhase section */

/* Begin PBXGroup section */
		5F7FD56518A3ECD300A8F5D1 = {
			isa = PBXGroup;
			children = (
				5F7FDE5A18AFBD2600A8F5D1 /* GTL.xcodeproj */,
				5F7FD57718A3ECD300A8F5D1 /* done */,
				5F7FD59918A3ECD300A8F5D1 /* doneTests */,
				5F7FD57018A3ECD300A8F5D1 /* Frameworks */,
				5F7FD56F18A3ECD300A8F5D1 /* Products */,
			);
			sourceTree = "<group>";
		};
		5F7FD56F18A3ECD300A8F5D1 /* Products */ = {
			isa = PBXGroup;
			children = (
				5F7FD56E18A3ECD300A8F5D1 /* done.app */,
				5F7FD59218A3ECD300A8F5D1 /* doneTests.xctest */,
			);
			name = Products;
			sourceTree = "<group>";
		};
		5F7FD57018A3ECD300A8F5D1 /* Frameworks */ = {
			isa = PBXGroup;
			children = (
				5F7FD63F18AFB50A00A8F5D1 /* Security.framework */,
				5F7FD64018AFB50A00A8F5D1 /* SystemConfiguration.framework */,
				5F7FD57118A3ECD300A8F5D1 /* Foundation.framework */,
				5F7FD57318A3ECD300A8F5D1 /* CoreGraphics.framework */,
				5F7FD57518A3ECD300A8F5D1 /* UIKit.framework */,
				5F7FD59318A3ECD300A8F5D1 /* XCTest.framework */,
			);
			name = Frameworks;
			sourceTree = "<group>";
		};
		5F7FD57718A3ECD300A8F5D1 /* done */ = {
			isa = PBXGroup;
			children = (
				5F7FDEA118B0B25100A8F5D1 /* OAuth2 */,
				5F7FDE8418AFCD1B00A8F5D1 /* Tasks */,
				5F7FD61618AF62F700A8F5D1 /* Utils */,
				5F7FD5B918A6B15F00A8F5D1 /* Model */,
				5F7FDE9F18AFD22300A8F5D1 /* View */,
				5F7FDE9E18AFD1DA00A8F5D1 /* Controller */,
				5F7FD58018A3ECD300A8F5D1 /* AppDelegate.h */,
				5F7FD58118A3ECD300A8F5D1 /* AppDelegate.m */,
				5F7FD58C18A3ECD300A8F5D1 /* Images.xcassets */,
				5F7FD57818A3ECD300A8F5D1 /* Supporting Files */,
			);
			path = done;
			sourceTree = "<group>";
		};
		5F7FD57818A3ECD300A8F5D1 /* Supporting Files */ = {
			isa = PBXGroup;
			children = (
				5F7FDEA418B5171900A8F5D1 /* BarButton */,
				5F7FD61418AE919A00A8F5D1 /* status_completed.png */,
				5F7FD60E18AE918300A8F5D1 /* status_due_closing.png */,
				5F7FD60F18AE918300A8F5D1 /* status_due.png */,
				5F7FD61018AE918300A8F5D1 /* status_needs_action.png */,
				5F7FD57918A3ECD300A8F5D1 /* done-Info.plist */,
				5F7FD57A18A3ECD300A8F5D1 /* InfoPlist.strings */,
				5F7FD57D18A3ECD300A8F5D1 /* main.m */,
				5F7FD57F18A3ECD300A8F5D1 /* done-Prefix.pch */,
			);
			name = "Supporting Files";
			sourceTree = "<group>";
		};
		5F7FD59918A3ECD300A8F5D1 /* doneTests */ = {
			isa = PBXGroup;
			children = (
				5F7FD59F18A3ECD300A8F5D1 /* doneTests.m */,
				5F7FD59A18A3ECD300A8F5D1 /* Supporting Files */,
			);
			path = doneTests;
			sourceTree = "<group>";
		};
		5F7FD59A18A3ECD300A8F5D1 /* Supporting Files */ = {
			isa = PBXGroup;
			children = (
				5F7FD59B18A3ECD300A8F5D1 /* doneTests-Info.plist */,
				5F7FD59C18A3ECD300A8F5D1 /* InfoPlist.strings */,
			);
			name = "Supporting Files";
			sourceTree = "<group>";
		};
		5F7FD5B918A6B15F00A8F5D1 /* Model */ = {
			isa = PBXGroup;
			children = (
				5F7FD60818A93B1400A8F5D1 /* TaskListsDataController.h */,
				5F7FD60918A93B1400A8F5D1 /* TaskListsDataController.m */,
				5F7FD60B18AA729D00A8F5D1 /* TasksDataController.h */,
				5F7FD60C18AA729D00A8F5D1 /* TasksDataController.m */,
			);
			name = Model;
			sourceTree = "<group>";
		};
		5F7FD61618AF62F700A8F5D1 /* Utils */ = {
			isa = PBXGroup;
			children = (
				5F7FD61718AF632C00A8F5D1 /* TaskUtils.h */,
				5F7FD61818AF632C00A8F5D1 /* TaskUtils.m */,
			);
			name = Utils;
			sourceTree = "<group>";
		};
		5F7FDE5B18AFBD2600A8F5D1 /* Products */ = {
			isa = PBXGroup;
			children = (
				5F7FDE6218AFBD2600A8F5D1 /* GTL.framework */,
				5F7FDE6418AFBD2600A8F5D1 /* libGTLTouchStaticLib.a */,
				5F7FDE6618AFBD2600A8F5D1 /* GTLUnitTests.octest */,
				5F7FDE6818AFBD2600A8F5D1 /* DevelopmentTestTool */,
			);
			name = Products;
			sourceTree = "<group>";
		};
		5F7FDE8418AFCD1B00A8F5D1 /* Tasks */ = {
			isa = PBXGroup;
			children = (
				5F7FDE8518AFCD1B00A8F5D1 /* Generated */,
			);
			name = Tasks;
			path = "google-api-objectivec-client-read-only/Source/Services/Tasks";
			sourceTree = SOURCE_ROOT;
		};
		5F7FDE8518AFCD1B00A8F5D1 /* Generated */ = {
			isa = PBXGroup;
			children = (
				5F7FDE8618AFCD1B00A8F5D1 /* GTLQueryTasks.h */,
				5F7FDE8718AFCD1B00A8F5D1 /* GTLQueryTasks.m */,
				5F7FDE8818AFCD1B00A8F5D1 /* GTLServiceTasks.h */,
				5F7FDE8918AFCD1B00A8F5D1 /* GTLServiceTasks.m */,
				5F7FDE8A18AFCD1B00A8F5D1 /* GTLTasks.h */,
				5F7FDE8C18AFCD1B00A8F5D1 /* GTLTasksConstants.h */,
				5F7FDE8D18AFCD1B00A8F5D1 /* GTLTasksConstants.m */,
				5F7FDE8E18AFCD1B00A8F5D1 /* GTLTasksTask.h */,
				5F7FDE8F18AFCD1B00A8F5D1 /* GTLTasksTask.m */,
				5F7FDE9018AFCD1B00A8F5D1 /* GTLTasksTaskList.h */,
				5F7FDE9118AFCD1B00A8F5D1 /* GTLTasksTaskList.m */,
				5F7FDE9218AFCD1B00A8F5D1 /* GTLTasksTaskLists.h */,
				5F7FDE9318AFCD1B00A8F5D1 /* GTLTasksTaskLists.m */,
				5F7FDE9418AFCD1B00A8F5D1 /* GTLTasksTasks.h */,
				5F7FDE9518AFCD1B00A8F5D1 /* GTLTasksTasks.m */,
			);
			path = Generated;
			sourceTree = "<group>";
		};
		5F7FDE9E18AFD1DA00A8F5D1 /* Controller */ = {
			isa = PBXGroup;
			children = (
				5F7FD5AE18A698CA00A8F5D1 /* TaskListViewController.h */,
				5F7FD5AF18A698CA00A8F5D1 /* TaskListViewController.m */,
				5F7FD60518A7EF3100A8F5D1 /* TaskViewController.h */,
				5F7FD60618A7EF3100A8F5D1 /* TaskViewController.m */,
				5F7FD60218A7EF1700A8F5D1 /* TaskListsPickerController.h */,
				5F7FD60318A7EF1700A8F5D1 /* TaskListsPickerController.m */,
			);
			name = Controller;
			sourceTree = "<group>";
		};
		5F7FDE9F18AFD22300A8F5D1 /* View */ = {
			isa = PBXGroup;
			children = (
				5F7FD5B718A6AA4700A8F5D1 /* Main.storyboard */,
			);
			name = View;
			sourceTree = "<group>";
		};
		5F7FDEA118B0B25100A8F5D1 /* OAuth2 */ = {
			isa = PBXGroup;
			children = (
				5F7FDEA218B0B26E00A8F5D1 /* GTMOAuth2ViewTouch.xib */,
			);
			name = OAuth2;
			sourceTree = "<group>";
		};
		5F7FDEA418B5171900A8F5D1 /* BarButton */ = {
			isa = PBXGroup;
			children = (
				5F7FDEAB18B526DB00A8F5D1 /* check.png */,
				5F7FDEA918B5252800A8F5D1 /* save.png */,
			);
			name = BarButton;
			sourceTree = "<group>";
		};
/* End PBXGroup section */

/* Begin PBXNativeTarget section */
		5F7FD56D18A3ECD300A8F5D1 /* done */ = {
			isa = PBXNativeTarget;
			buildConfigurationList = 5F7FD5A318A3ECD300A8F5D1 /* Build configuration list for PBXNativeTarget "done" */;
			buildPhases = (
				5F7FD56A18A3ECD300A8F5D1 /* Sources */,
				5F7FD56B18A3ECD300A8F5D1 /* Frameworks */,
				5F7FD56C18A3ECD300A8F5D1 /* Resources */,
			);
			buildRules = (
			);
			dependencies = (
			);
			name = done;
			productName = done;
			productReference = 5F7FD56E18A3ECD300A8F5D1 /* done.app */;
			productType = "com.apple.product-type.application";
		};
		5F7FD59118A3ECD300A8F5D1 /* doneTests */ = {
			isa = PBXNativeTarget;
			buildConfigurationList = 5F7FD5A618A3ECD300A8F5D1 /* Build configuration list for PBXNativeTarget "doneTests" */;
			buildPhases = (
				5F7FD58E18A3ECD300A8F5D1 /* Sources */,
				5F7FD58F18A3ECD300A8F5D1 /* Frameworks */,
				5F7FD59018A3ECD300A8F5D1 /* Resources */,
			);
			buildRules = (
			);
			dependencies = (
				5F7FD59818A3ECD300A8F5D1 /* PBXTargetDependency */,
			);
			name = doneTests;
			productName = doneTests;
			productReference = 5F7FD59218A3ECD300A8F5D1 /* doneTests.xctest */;
			productType = "com.apple.product-type.bundle.unit-test";
		};
/* End PBXNativeTarget section */

/* Begin PBXProject section */
		5F7FD56618A3ECD300A8F5D1 /* Project object */ = {
			isa = PBXProject;
			attributes = {
				LastUpgradeCheck = 0500;
				ORGANIZATIONNAME = "Jouni Nurmi";
				TargetAttributes = {
					5F7FD59118A3ECD300A8F5D1 = {
						TestTargetID = 5F7FD56D18A3ECD300A8F5D1;
					};
				};
			};
			buildConfigurationList = 5F7FD56918A3ECD300A8F5D1 /* Build configuration list for PBXProject "done" */;
			compatibilityVersion = "Xcode 3.2";
			developmentRegion = English;
			hasScannedForEncodings = 0;
			knownRegions = (
				en,
				Base,
			);
			mainGroup = 5F7FD56518A3ECD300A8F5D1;
			productRefGroup = 5F7FD56F18A3ECD300A8F5D1 /* Products */;
			projectDirPath = "";
			projectReferences = (
				{
					ProductGroup = 5F7FDE5B18AFBD2600A8F5D1 /* Products */;
					ProjectRef = 5F7FDE5A18AFBD2600A8F5D1 /* GTL.xcodeproj */;
				},
			);
			projectRoot = "";
			targets = (
				5F7FD56D18A3ECD300A8F5D1 /* done */,
				5F7FD59118A3ECD300A8F5D1 /* doneTests */,
			);
		};
/* End PBXProject section */

/* Begin PBXReferenceProxy section */
		5F7FDE6218AFBD2600A8F5D1 /* GTL.framework */ = {
			isa = PBXReferenceProxy;
			fileType = wrapper.framework;
			path = GTL.framework;
			remoteRef = 5F7FDE6118AFBD2600A8F5D1 /* PBXContainerItemProxy */;
			sourceTree = BUILT_PRODUCTS_DIR;
		};
		5F7FDE6418AFBD2600A8F5D1 /* libGTLTouchStaticLib.a */ = {
			isa = PBXReferenceProxy;
			fileType = archive.ar;
			path = libGTLTouchStaticLib.a;
			remoteRef = 5F7FDE6318AFBD2600A8F5D1 /* PBXContainerItemProxy */;
			sourceTree = BUILT_PRODUCTS_DIR;
		};
		5F7FDE6618AFBD2600A8F5D1 /* GTLUnitTests.octest */ = {
			isa = PBXReferenceProxy;
			fileType = wrapper.cfbundle;
			path = GTLUnitTests.octest;
			remoteRef = 5F7FDE6518AFBD2600A8F5D1 /* PBXContainerItemProxy */;
			sourceTree = BUILT_PRODUCTS_DIR;
		};
		5F7FDE6818AFBD2600A8F5D1 /* DevelopmentTestTool */ = {
			isa = PBXReferenceProxy;
			fileType = "compiled.mach-o.executable";
			path = DevelopmentTestTool;
			remoteRef = 5F7FDE6718AFBD2600A8F5D1 /* PBXContainerItemProxy */;
			sourceTree = BUILT_PRODUCTS_DIR;
		};
/* End PBXReferenceProxy section */

/* Begin PBXResourcesBuildPhase section */
		5F7FD56C18A3ECD300A8F5D1 /* Resources */ = {
			isa = PBXResourcesBuildPhase;
			buildActionMask = 2147483647;
			files = (
				5F7FDEA318B0B26E00A8F5D1 /* GTMOAuth2ViewTouch.xib in Resources */,
				5F7FD61118AE918300A8F5D1 /* status_due_closing.png in Resources */,
				5F7FDEAA18B5252800A8F5D1 /* save.png in Resources */,
				5F7FD5B818A6AA4700A8F5D1 /* Main.storyboard in Resources */,
				5F7FD61218AE918300A8F5D1 /* status_due.png in Resources */,
				5F7FD58D18A3ECD300A8F5D1 /* Images.xcassets in Resources */,
				5F7FDEAC18B526DB00A8F5D1 /* check.png in Resources */,
				5F7FD61318AE918300A8F5D1 /* status_needs_action.png in Resources */,
				5F7FD57C18A3ECD300A8F5D1 /* InfoPlist.strings in Resources */,
				5F7FD61518AE919A00A8F5D1 /* status_completed.png in Resources */,
			);
			runOnlyForDeploymentPostprocessing = 0;
		};
		5F7FD59018A3ECD300A8F5D1 /* Resources */ = {
			isa = PBXResourcesBuildPhase;
			buildActionMask = 2147483647;
			files = (
				5F7FD59E18A3ECD300A8F5D1 /* InfoPlist.strings in Resources */,
			);
			runOnlyForDeploymentPostprocessing = 0;
		};
/* End PBXResourcesBuildPhase section */

/* Begin PBXSourcesBuildPhase section */
		5F7FD56A18A3ECD300A8F5D1 /* Sources */ = {
			isa = PBXSourcesBuildPhase;
			buildActionMask = 2147483647;
			files = (
				5F7FD58218A3ECD300A8F5D1 /* AppDelegate.m in Sources */,
				5F7FD5B018A698CA00A8F5D1 /* TaskListViewController.m in Sources */,
				5F7FDE9718AFCD1B00A8F5D1 /* GTLServiceTasks.m in Sources */,
				5F7FD60418A7EF1700A8F5D1 /* TaskListsPickerController.m in Sources */,
				5F7FDE9918AFCD1B00A8F5D1 /* GTLTasksConstants.m in Sources */,
				5F7FDE9A18AFCD1B00A8F5D1 /* GTLTasksTask.m in Sources */,
				5F7FDE9C18AFCD1B00A8F5D1 /* GTLTasksTaskLists.m in Sources */,
				5F7FD60A18A93B1400A8F5D1 /* TaskListsDataController.m in Sources */,
				5F7FDE9D18AFCD1B00A8F5D1 /* GTLTasksTasks.m in Sources */,
				5F7FD60718A7EF3100A8F5D1 /* TaskViewController.m in Sources */,
				5F7FDE9B18AFCD1B00A8F5D1 /* GTLTasksTaskList.m in Sources */,
				5F7FD61918AF632C00A8F5D1 /* TaskUtils.m in Sources */,
				5F7FDE9618AFCD1B00A8F5D1 /* GTLQueryTasks.m in Sources */,
				5F7FD57E18A3ECD300A8F5D1 /* main.m in Sources */,
				5F7FD60D18AA729D00A8F5D1 /* TasksDataController.m in Sources */,
			);
			runOnlyForDeploymentPostprocessing = 0;
		};
		5F7FD58E18A3ECD300A8F5D1 /* Sources */ = {
			isa = PBXSourcesBuildPhase;
			buildActionMask = 2147483647;
			files = (
				5F7FD5A018A3ECD300A8F5D1 /* doneTests.m in Sources */,
			);
			runOnlyForDeploymentPostprocessing = 0;
		};
/* End PBXSourcesBuildPhase section */

/* Begin PBXTargetDependency section */
		5F7FD59818A3ECD300A8F5D1 /* PBXTargetDependency */ = {
			isa = PBXTargetDependency;
			target = 5F7FD56D18A3ECD300A8F5D1 /* done */;
			targetProxy = 5F7FD59718A3ECD300A8F5D1 /* PBXContainerItemProxy */;
		};
/* End PBXTargetDependency section */

/* Begin PBXVariantGroup section */
		5F7FD57A18A3ECD300A8F5D1 /* InfoPlist.strings */ = {
			isa = PBXVariantGroup;
			children = (
				5F7FD57B18A3ECD300A8F5D1 /* en */,
			);
			name = InfoPlist.strings;
			sourceTree = "<group>";
		};
		5F7FD59C18A3ECD300A8F5D1 /* InfoPlist.strings */ = {
			isa = PBXVariantGroup;
			children = (
				5F7FD59D18A3ECD300A8F5D1 /* en */,
			);
			name = InfoPlist.strings;
			sourceTree = "<group>";
		};
/* End PBXVariantGroup section */

/* Begin XCBuildConfiguration section */
		5F7FD5A118A3ECD300A8F5D1 /* Debug */ = {
			isa = XCBuildConfiguration;
			buildSettings = {
				ALWAYS_SEARCH_USER_PATHS = NO;
				ARCHS = "$(ARCHS_STANDARD_INCLUDING_64_BIT)";
				CLANG_CXX_LANGUAGE_STANDARD = "gnu++0x";
				CLANG_CXX_LIBRARY = "libc++";
				CLANG_ENABLE_MODULES = YES;
				CLANG_ENABLE_OBJC_ARC = YES;
				CLANG_WARN_BOOL_CONVERSION = YES;
				CLANG_WARN_CONSTANT_CONVERSION = YES;
				CLANG_WARN_DIRECT_OBJC_ISA_USAGE = YES_ERROR;
				CLANG_WARN_EMPTY_BODY = YES;
				CLANG_WARN_ENUM_CONVERSION = YES;
				CLANG_WARN_INT_CONVERSION = YES;
				CLANG_WARN_OBJC_ROOT_CLASS = YES_ERROR;
				CLANG_WARN__DUPLICATE_METHOD_MATCH = YES;
				"CODE_SIGN_IDENTITY[sdk=iphoneos*]" = "iPhone Developer";
				COPY_PHASE_STRIP = NO;
				GCC_C_LANGUAGE_STANDARD = gnu99;
				GCC_DYNAMIC_NO_PIC = NO;
				GCC_OPTIMIZATION_LEVEL = 0;
				GCC_PREPROCESSOR_DEFINITIONS = (
					"DEBUG=1",
					"$(inherited)",
				);
				GCC_SYMBOLS_PRIVATE_EXTERN = NO;
				GCC_WARN_64_TO_32_BIT_CONVERSION = YES;
				GCC_WARN_ABOUT_RETURN_TYPE = YES_ERROR;
				GCC_WARN_UNDECLARED_SELECTOR = YES;
				GCC_WARN_UNINITIALIZED_AUTOS = YES;
				GCC_WARN_UNUSED_FUNCTION = YES;
				GCC_WARN_UNUSED_VARIABLE = YES;
				IPHONEOS_DEPLOYMENT_TARGET = 7.0;
				ONLY_ACTIVE_ARCH = YES;
				SDKROOT = iphoneos;
			};
			name = Debug;
		};
		5F7FD5A218A3ECD300A8F5D1 /* Release */ = {
			isa = XCBuildConfiguration;
			buildSettings = {
				ALWAYS_SEARCH_USER_PATHS = NO;
				ARCHS = "$(ARCHS_STANDARD_INCLUDING_64_BIT)";
				CLANG_CXX_LANGUAGE_STANDARD = "gnu++0x";
				CLANG_CXX_LIBRARY = "libc++";
				CLANG_ENABLE_MODULES = YES;
				CLANG_ENABLE_OBJC_ARC = YES;
				CLANG_WARN_BOOL_CONVERSION = YES;
				CLANG_WARN_CONSTANT_CONVERSION = YES;
				CLANG_WARN_DIRECT_OBJC_ISA_USAGE = YES_ERROR;
				CLANG_WARN_EMPTY_BODY = YES;
				CLANG_WARN_ENUM_CONVERSION = YES;
				CLANG_WARN_INT_CONVERSION = YES;
				CLANG_WARN_OBJC_ROOT_CLASS = YES_ERROR;
				CLANG_WARN__DUPLICATE_METHOD_MATCH = YES;
				"CODE_SIGN_IDENTITY[sdk=iphoneos*]" = "iPhone Developer";
				COPY_PHASE_STRIP = YES;
				ENABLE_NS_ASSERTIONS = NO;
				GCC_C_LANGUAGE_STANDARD = gnu99;
				GCC_WARN_64_TO_32_BIT_CONVERSION = YES;
				GCC_WARN_ABOUT_RETURN_TYPE = YES_ERROR;
				GCC_WARN_UNDECLARED_SELECTOR = YES;
				GCC_WARN_UNINITIALIZED_AUTOS = YES;
				GCC_WARN_UNUSED_FUNCTION = YES;
				GCC_WARN_UNUSED_VARIABLE = YES;
				IPHONEOS_DEPLOYMENT_TARGET = 7.0;
				SDKROOT = iphoneos;
				VALIDATE_PRODUCT = YES;
			};
			name = Release;
		};
		5F7FD5A418A3ECD300A8F5D1 /* Debug */ = {
			isa = XCBuildConfiguration;
			buildSettings = {
				ASSETCATALOG_COMPILER_APPICON_NAME = AppIcon;
				ASSETCATALOG_COMPILER_LAUNCHIMAGE_NAME = LaunchImage;
				FRAMEWORK_SEARCH_PATHS = (
					"$(inherited)",
					"$(USER_LIBRARY_DIR)/Developer/Xcode/DerivedData/GTL-cqazonpswbtojqbaeyxgytpdudgr/Build/Products/Debug",
				);
				GCC_PRECOMPILE_PREFIX_HEADER = YES;
				GCC_PREFIX_HEADER = "done/done-Prefix.pch";
				HEADER_SEARCH_PATHS = (
					"$(inherited)",
					"/Applications/Xcode.app/Contents/Developer/Toolchains/XcodeDefault.xctoolchain/usr/include/**",
				);
				"HEADER_SEARCH_PATHS[arch=*]" = (
					"$(inherited)",
					"$SRCROOT/google-api-objectivec-client-read-only/Source/**",
				);
				INFOPLIST_FILE = "done/done-Info.plist";
				OTHER_CFLAGS = "";
				"OTHER_CFLAGS[arch=*]" = (
					"-ObjC",
					"-all_load",
				);
				PRODUCT_NAME = "$(TARGET_NAME)";
				WRAPPER_EXTENSION = app;
			};
			name = Debug;
		};
		5F7FD5A518A3ECD300A8F5D1 /* Release */ = {
			isa = XCBuildConfiguration;
			buildSettings = {
				ASSETCATALOG_COMPILER_APPICON_NAME = AppIcon;
				ASSETCATALOG_COMPILER_LAUNCHIMAGE_NAME = LaunchImage;
				FRAMEWORK_SEARCH_PATHS = (
					"$(inherited)",
					"$(USER_LIBRARY_DIR)/Developer/Xcode/DerivedData/GTL-cqazonpswbtojqbaeyxgytpdudgr/Build/Products/Debug",
				);
				GCC_PRECOMPILE_PREFIX_HEADER = YES;
				GCC_PREFIX_HEADER = "done/done-Prefix.pch";
				"HEADER_SEARCH_PATHS[arch=*]" = (
					"$(inherited)",
					"$SRCROOT/google-api-objectivec-client-read-only/Source/**",
				);
				INFOPLIST_FILE = "done/done-Info.plist";
				OTHER_CFLAGS = "";
				"OTHER_CFLAGS[arch=*]" = (
					"-ObjC",
					"-all_load",
				);
				PRODUCT_NAME = "$(TARGET_NAME)";
				WRAPPER_EXTENSION = app;
			};
			name = Release;
		};
		5F7FD5A718A3ECD300A8F5D1 /* Debug */ = {
			isa = XCBuildConfiguration;
			buildSettings = {
				ARCHS = "$(ARCHS_STANDARD_INCLUDING_64_BIT)";
				BUNDLE_LOADER = "$(BUILT_PRODUCTS_DIR)/done.app/done";
				FRAMEWORK_SEARCH_PATHS = (
					"$(SDKROOT)/Developer/Library/Frameworks",
					"$(inherited)",
					"$(DEVELOPER_FRAMEWORKS_DIR)",
				);
				GCC_PRECOMPILE_PREFIX_HEADER = YES;
				GCC_PREFIX_HEADER = "done/done-Prefix.pch";
				GCC_PREPROCESSOR_DEFINITIONS = (
					"DEBUG=1",
					"$(inherited)",
				);
				INFOPLIST_FILE = "doneTests/doneTests-Info.plist";
				PRODUCT_NAME = "$(TARGET_NAME)";
				TEST_HOST = "$(BUNDLE_LOADER)";
				WRAPPER_EXTENSION = xctest;
			};
			name = Debug;
		};
		5F7FD5A818A3ECD300A8F5D1 /* Release */ = {
			isa = XCBuildConfiguration;
			buildSettings = {
				ARCHS = "$(ARCHS_STANDARD_INCLUDING_64_BIT)";
				BUNDLE_LOADER = "$(BUILT_PRODUCTS_DIR)/done.app/done";
				FRAMEWORK_SEARCH_PATHS = (
					"$(SDKROOT)/Developer/Library/Frameworks",
					"$(inherited)",
					"$(DEVELOPER_FRAMEWORKS_DIR)",
				);
				GCC_PRECOMPILE_PREFIX_HEADER = YES;
				GCC_PREFIX_HEADER = "done/done-Prefix.pch";
				INFOPLIST_FILE = "doneTests/doneTests-Info.plist";
				PRODUCT_NAME = "$(TARGET_NAME)";
				TEST_HOST = "$(BUNDLE_LOADER)";
				WRAPPER_EXTENSION = xctest;
			};
			name = Release;
		};
/* End XCBuildConfiguration section */

/* Begin XCConfigurationList section */
		5F7FD56918A3ECD300A8F5D1 /* Build configuration list for PBXProject "done" */ = {
			isa = XCConfigurationList;
			buildConfigurations = (
				5F7FD5A118A3ECD300A8F5D1 /* Debug */,
				5F7FD5A218A3ECD300A8F5D1 /* Release */,
			);
			defaultConfigurationIsVisible = 0;
			defaultConfigurationName = Release;
		};
		5F7FD5A318A3ECD300A8F5D1 /* Build configuration list for PBXNativeTarget "done" */ = {
			isa = XCConfigurationList;
			buildConfigurations = (
				5F7FD5A418A3ECD300A8F5D1 /* Debug */,
				5F7FD5A518A3ECD300A8F5D1 /* Release */,
			);
			defaultConfigurationIsVisible = 0;
			defaultConfigurationName = Release;
		};
		5F7FD5A618A3ECD300A8F5D1 /* Build configuration list for PBXNativeTarget "doneTests" */ = {
			isa = XCConfigurationList;
			buildConfigurations = (
				5F7FD5A718A3ECD300A8F5D1 /* Debug */,
				5F7FD5A818A3ECD300A8F5D1 /* Release */,
			);
			defaultConfigurationIsVisible = 0;
			defaultConfigurationName = Release;
		};
/* End XCConfigurationList section */
	};
	rootObject = 5F7FD56618A3ECD300A8F5D1 /* Project object */;
}
